
Microsoft Visual Studio Solution File, Format Version 12.00
# Visual Studio 15
VisualStudioVersion = 15.0.27703.2026
MinimumVisualStudioVersion = 10.0.40219.1
Project("{FAE04EC0-301F-11D3-BF4B-00C04F79EFBC}") = "webApi", "webApi\webApi.csproj", "{B40DD70F-1434-421C-8F81-4CF101304FDB}"
EndProject
Global
	GlobalSection(SolutionConfigurationPlatforms) = preSolution
		Debug|Any CPU = Debug|Any CPU
		Release|Any CPU = Release|Any CPU
	EndGlobalSection
	GlobalSection(ProjectConfigurationPlatforms) = postSolution
		{B40DD70F-1434-421C-8F81-4CF101304FDB}.Debug|Any CPU.ActiveCfg = Debug|Any CPU
		{B40DD70F-1434-421C-8F81-4CF101304FDB}.Debug|Any CPU.Build.0 = Debug|Any CPU
		{B40DD70F-1434-421C-8F81-4CF101304FDB}.Release|Any CPU.ActiveCfg = Release|Any CPU
		{B40DD70F-1434-421C-8F81-4CF101304FDB}.Release|Any CPU.Build.0 = Release|Any CPU
	EndGlobalSection
	GlobalSection(SolutionProperties) = preSolution
		HideSolutionNode = FALSE
	EndGlobalSection
	GlobalSection(ExtensibilityGlobals) = postSolution
		SolutionGuid = {E74498AC-B466-4139-A8C0-0C77A0143249}
	EndGlobalSection
EndGlobal
